{
    "_meta": {
        "hash": {
            "sha256": "1f6a784fbe56dd4b15af2108dab95a5f01ec00bd47dcf6c9ef575a0f540668ba"
        },
        "pipfile-spec": 6,
        "requires": {
            "python_version": "3.10"
        },
        "sources": [
            {
                "name": "pypi",
                "url": "https://pypi.org/simple",
                "verify_ssl": true
            }
        ]
    },
    "default": {
        "glfw": {
            "hashes": [
                "sha256:09ef5c8ab888d58db9e607af5525088db24fe43a39649f24a3447dad0f7a174d",
                "sha256:1a33f391a22952de524c694a22cf0614d2949503519f2f7f58b0a3d2defdd9be",
                "sha256:1c6ffe20350bd7931c4954720fbef498c2e9bce43ebd719c41de9e87c3fb7173",
                "sha256:1d73640474ee0fdfcb32dc255ba41ee932a5ed924cbf62c53577d6b26c204dd1",
                "sha256:1e9fb75db4acbfc25ae3e7ab5b3cb1b760e927a2be49200cfe8ab7162db33df2",
                "sha256:3301de161e234fcc5f182b5157c3177f8e23ef35893060c47f12770c11a60932",
                "sha256:5ab10ad838d6096eeeb778a291aab3893eeb31abe8e356f8a8f0e338cd8d25c9",
                "sha256:9508e840f25e72e8efbdcc772b87b4c35cacd66c1c9e6bd0bbb08cded070ccc4",
                "sha256:a282a2a742a0d01734dbde746dfc8f696f76373520494e40f39f60615408426d"
            ],
            "index": "pypi",
            "version": "==2.5.5"
        },
        "graphviz": {
            "hashes": [
                "sha256:587c58a223b51611c0cf461132da386edd896a029524ca61a1462b880bf97977",
                "sha256:8c58f14adaa3b947daf26c19bc1e98c4e0702cdc31cf99153e6f06904d492bf8"
            ],
            "markers": "python_version >= '3.7'",
            "version": "==0.20.1"
        },
        "imgui": {
            "extras": [
                "glfw"
            ],
            "hashes": [
                "sha256:00cf4be08ab8a8f1387c629f4b1cdf9e5f3e6bf4a537603ac7ea102b95f7b50b",
                "sha256:012fd8d581171bd04ebfa649ca92c7f382a2806c7027bc7c31c8b39899899e7d",
                "sha256:04ff253710b780ddaeb1f536bda08c0b50200ceef877df4d11f2f9f58b85156f",
                "sha256:08cb81a2de54ed3ecdeaabf055e228b0d1bdd439d0b694d2dd684d2e236ada82",
                "sha256:105c0b3f90bc7b27af7814f627ae58b0d81b51a27bb24300629e1f8df6952d16",
                "sha256:2e0cd42fcfacacb15bf91d56e8930644fd447a2371703aa5bfd93f35d53a0392",
                "sha256:2e8d1d868605a600fef9aeb95a31ce71fb8e4c296034c911973e94e6b373bb19",
                "sha256:367625de69884d5161ff055a2aab74fb2b221d5e55f22b13d6863381ea9dba2f",
                "sha256:3a30a20629508e1dc80db9a0d0f7a10cacc6a798ad56b4d3165a3fd909cdde8d",
                "sha256:3c8dc9c80d58e55f0006cb4193f2ed1c7ae26c945fe7115e17dbb23f9c13433c",
                "sha256:4aff47bbc35adf56c3bca6a5aabe584d671c972bbbb85056cfc789afc41bf901",
                "sha256:4b88ec4e5a1a342dfbc2961de9b285512418e984cd721b61d3a86fbc813a7df0",
                "sha256:516e1e7cefa69a3568456e32eb3d536b7560cd29a59d16d9308cb4781b2e8350",
                "sha256:5418e3ad67311532345cca4695a0ef452a0397a790c7e8015d4764783cdbe646",
                "sha256:542d3a6fb8a72580433ea3472a8f37a71fefb767a66276ba11e1418e70976678",
                "sha256:5874a048a04e8f2507e323eb2afabcd034c62d84dbc886f21d6e382cb8d67fa1",
                "sha256:597c61c17411f26841df17f7cc96df9a6b0d1425afe12e008a06c056b41449e1",
                "sha256:5a7f96157339a07657919ed34fbff44e187e6a197fec180728111997687f1097",
                "sha256:5e84daae2c9ee3d6f39cab4a163cdc97e3b9681af81656953ceb3704f059d9d4",
                "sha256:64c21ca5aeb2fa22dfeb69515a97111367385714544741716912d100073df963",
                "sha256:692c16baf220f1c19acf7cfdb640a582a919369b862df65b37dfd5d7f08df76a",
                "sha256:76d14e36c08da90954165f570b1879cb05fef852c1bf7740ef772efe6d98d632",
                "sha256:7713f1b08dafe8b74d7f862fac201aeef7f8b4ad60009a0edb3e312120fc5560",
                "sha256:87b3adc04ffb25df3d3a9159eeb871cde5a6c25f145d0c0024e32054c929d5aa",
                "sha256:8b015a1dd36425b1894474f2da8650a33bdc356540ceee0d1daf2b6a05d3c889",
                "sha256:8ebbb96925c2173988b947c54f7ece580e19079547af3a9084d00fafae21a43f",
                "sha256:8fc6d6fdba376acdc8e51425d8bee51474ad2499fc018fedde7b740b574da94d",
                "sha256:9401091e42d5ceff590d0ce5a1a3bc8627c2301e83b3b40ecd0e976f43bd158e",
                "sha256:9b90c89f420eed37c09a618e9fe93066d1c4cbbd27da4da9095d1d3c98860d1f",
                "sha256:9dfdeb1c19b3d0feeb73c80d3e72f547b42b4003686fbeb14bf6f6f253720062",
                "sha256:9ea67d4a94f4ded750123ce86125a2c1bc992cf7b13d212a8f4f9af88ced8724",
                "sha256:a07aa19cd61baaa854cdf241484c88f5a07f6765fb175129bc72d820c608b524",
                "sha256:a3c2f92a99b20eca177c4d3b1e1a9d005209b4961b2852d16134f1c786bd8218",
                "sha256:b1415c00ad7e25fcaa7ac4b68aac3beb24949607c3ea47450ad2b93ef466c3a9",
                "sha256:b90ba49b892242d9f61413ea1bd3c682a80680b724ba8e812b1b09d48a2c9bad",
                "sha256:c0f64093f52c3c6f2a10bddfb545e01ba315852eb33537e6b632ef2bc2d5afc4",
                "sha256:c1e8e696c1f62f98ada41950de9416e1e95e1e3ae1e0d61cb79a0e6a0fe2254b",
                "sha256:d4fad53320c031851acf07624bbefcf26468cd49e3a20521fb7ea3fbd107bf23",
                "sha256:e06907b31aad61a4579068d4f2e1ac3512c4c8e35a6db9d020386bbd3174f6d9",
                "sha256:f5d3d5db29d34ab7fa2b4815d679d7aa8a4e10d5ddf637666a9ac4307558c318",
                "sha256:fb72039aecf96e588f823f85c32e4fbe3f77dbe276b9ac75e21140057a2e2b29"
            ],
            "index": "pypi",
            "version": "==1.4.1"
        },
        "lolviz": {
            "hashes": [
                "sha256:336451e490ebbe178e80b8cfdaa93399b75f5be73e20202827e7fa75cfa7d44a"
            ],
            "index": "pypi",
            "version": "==1.4.4"
        },
        "numpy": {
            "hashes": [
                "sha256:01dd17cbb340bf0fc23981e52e1d18a9d4050792e8fb8363cecbf066a84b827d",
                "sha256:06005a2ef6014e9956c09ba07654f9837d9e26696a0470e42beedadb78c11b07",
                "sha256:09b7847f7e83ca37c6e627682f145856de331049013853f344f37b0c9690e3df",
                "sha256:0aaee12d8883552fadfc41e96b4c82ee7d794949e2a7c3b3a7201e968c7ecab9",
                "sha256:0cbe9848fad08baf71de1a39e12d1b6310f1d5b2d0ea4de051058e6e1076852d",
                "sha256:1b1766d6f397c18153d40015ddfc79ddb715cabadc04d2d228d4e5a8bc4ded1a",
                "sha256:33161613d2269025873025b33e879825ec7b1d831317e68f4f2f0f84ed14c719",
                "sha256:5039f55555e1eab31124a5768898c9e22c25a65c1e0037f4d7c495a45778c9f2",
                "sha256:522e26bbf6377e4d76403826ed689c295b0b238f46c28a7251ab94716da0b280",
                "sha256:56e454c7833e94ec9769fa0f86e6ff8e42ee38ce0ce1fa4cbb747ea7e06d56aa",
                "sha256:58f545efd1108e647604a1b5aa809591ccd2540f468a880bedb97247e72db387",
                "sha256:5e05b1c973a9f858c74367553e236f287e749465f773328c8ef31abe18f691e1",
                "sha256:7903ba8ab592b82014713c491f6c5d3a1cde5b4a3bf116404e08f5b52f6daf43",
                "sha256:8969bfd28e85c81f3f94eb4a66bc2cf1dbdc5c18efc320af34bffc54d6b1e38f",
                "sha256:92c8c1e89a1f5028a4c6d9e3ccbe311b6ba53694811269b992c0b224269e2398",
                "sha256:9c88793f78fca17da0145455f0d7826bcb9f37da4764af27ac945488116efe63",
                "sha256:a7ac231a08bb37f852849bbb387a20a57574a97cfc7b6cabb488a4fc8be176de",
                "sha256:abdde9f795cf292fb9651ed48185503a2ff29be87770c3b8e2a14b0cd7aa16f8",
                "sha256:af1da88f6bc3d2338ebbf0e22fe487821ea4d8e89053e25fa59d1d79786e7481",
                "sha256:b2a9ab7c279c91974f756c84c365a669a887efa287365a8e2c418f8b3ba73fb0",
                "sha256:bf837dc63ba5c06dc8797c398db1e223a466c7ece27a1f7b5232ba3466aafe3d",
                "sha256:ca51fcfcc5f9354c45f400059e88bc09215fb71a48d3768fb80e357f3b457e1e",
                "sha256:ce571367b6dfe60af04e04a1834ca2dc5f46004ac1cc756fb95319f64c095a96",
                "sha256:d208a0f8729f3fb790ed18a003f3a57895b989b40ea4dce4717e9cf4af62c6bb",
                "sha256:dbee87b469018961d1ad79b1a5d50c0ae850000b639bcb1b694e9981083243b6",
                "sha256:e9f4c4e51567b616be64e05d517c79a8a22f3606499941d97bb76f2ca59f982d",
                "sha256:f063b69b090c9d918f9df0a12116029e274daf0181df392839661c4c7ec9018a",
                "sha256:f9a909a8bae284d46bbfdefbdd4a262ba19d3bc9921b1e76126b1d21c3c34135"
            ],
            "index": "pypi",
            "version": "==1.23.5"
        },
        "pyopengl": {
            "hashes": [
                "sha256:57c597d989178e1413002df6b923619f6d29807501dece1c60cc6f12c0c8e8a7",
                "sha256:8ea6c8773927eda7405bffc6f5bb93be81569a7b05c8cac50cd94e969dce5e27",
                "sha256:a7139bc3e15d656feae1f7e3ef68c799941ed43fadc78177a23db7e946c20738"
            ],
            "version": "==3.1.6"
        }
    },
    "develop": {}
}
